
Microsoft Visual Studio Solution File, Format Version 9.00
# Visual Basic Express 2005
Project("{F184B08F-C81C-45F6-A57F-5ABD9991F28F}") = "Es23032014", "Es23032014\Es23032014.vbproj", "{B5C267FF-4734-4EA2-8AF5-1C1BE57EAC2B}"
EndProject
Global
	GlobalSection(SolutionConfigurationPlatforms) = preSolution
		Debug|Any CPU = Debug|Any CPU
		Release|Any CPU = Release|Any CPU
	EndGlobalSection
	GlobalSection(ProjectConfigurationPlatforms) = postSolution
		{B5C267FF-4734-4EA2-8AF5-1C1BE57EAC2B}.Debug|Any CPU.ActiveCfg = Debug|Any CPU
		{B5C267FF-4734-4EA2-8AF5-1C1BE57EAC2B}.Debug|Any CPU.Build.0 = Debug|Any CPU
		{B5C267FF-4734-4EA2-8AF5-1C1BE57EAC2B}.Release|Any CPU.ActiveCfg = Release|Any CPU
		{B5C267FF-4734-4EA2-8AF5-1C1BE57EAC2B}.Release|Any CPU.Build.0 = Release|Any CPU
	EndGlobalSection
	GlobalSection(SolutionProperties) = preSolution
		HideSolutionNode = FALSE
	EndGlobalSection
EndGlobal
